
Microsoft Visual Studio Solution File, Format Version 12.00
# Visual Studio 15
VisualStudioVersion = 15.0.27004.2009
MinimumVisualStudioVersion = 10.0.40219.1
Project("{8BC9CEB8-8B4A-11D0-8D11-00A0C91BC942}") = "BestFirstSearchKnapsack", "BestFirstSearchKnapsack\BestFirstSearchKnapsack.vcxproj", "{F62D8795-9CBD-4751-A651-462FE94C0BD1}"
EndProject
Global
	GlobalSection(SolutionConfigurationPlatforms) = preSolution
		Debug|x64 = Debug|x64
		Debug|x86 = Debug|x86
		Release|x64 = Release|x64
		Release|x86 = Release|x86
	EndGlobalSection
	GlobalSection(ProjectConfigurationPlatforms) = postSolution
		{F62D8795-9CBD-4751-A651-462FE94C0BD1}.Debug|x64.ActiveCfg = Debug|x64
		{F62D8795-9CBD-4751-A651-462FE94C0BD1}.Debug|x64.Build.0 = Debug|x64
		{F62D8795-9CBD-4751-A651-462FE94C0BD1}.Debug|x86.ActiveCfg = Debug|Win32
		{F62D8795-9CBD-4751-A651-462FE94C0BD1}.Debug|x86.Build.0 = Debug|Win32
		{F62D8795-9CBD-4751-A651-462FE94C0BD1}.Release|x64.ActiveCfg = Release|x64
		{F62D8795-9CBD-4751-A651-462FE94C0BD1}.Release|x64.Build.0 = Release|x64
		{F62D8795-9CBD-4751-A651-462FE94C0BD1}.Release|x86.ActiveCfg = Release|Win32
		{F62D8795-9CBD-4751-A651-462FE94C0BD1}.Release|x86.Build.0 = Release|Win32
	EndGlobalSection
	GlobalSection(SolutionProperties) = preSolution
		HideSolutionNode = FALSE
	EndGlobalSection
	GlobalSection(ExtensibilityGlobals) = postSolution
		SolutionGuid = {A95BB3CB-D1AD-40EB-9797-ADBE1CB87733}
	EndGlobalSection
EndGlobal
